// !$*UTF8*$!
{
	archiveVersion = 1;
	classes = {
	};
	objectVersion = 77;
	objects = {

/* Begin PBXContainerItemProxy section */
		2BB6A6212DC5764400782E0E /* PBXContainerItemProxy */ = {
			isa = PBXContainerItemProxy;
			containerPortal = 2BB6A60B2DC5764300782E0E /* Project object */;
			proxyType = 1;
			remoteGlobalIDString = 2BB6A6122DC5764300782E0E;
			remoteInfo = WillowbrookTest;
		};
		2BB6A62B2DC5764400782E0E /* PBXContainerItemProxy */ = {
			isa = PBXContainerItemProxy;
			containerPortal = 2BB6A60B2DC5764300782E0E /* Project object */;
			proxyType = 1;
			remoteGlobalIDString = 2BB6A6122DC5764300782E0E;
			remoteInfo = WillowbrookTest;
		};
/* End PBXContainerItemProxy section */

/* Begin PBXFileReference section */
		2BB6A6132DC5764300782E0E /* WillowbrookTest.app */ = {isa = PBXFileReference; explicitFileType = wrapper.application; includeInIndex = 0; path = WillowbrookTest.app; sourceTree = BUILT_PRODUCTS_DIR; };
		2BB6A6202DC5764400782E0E /* WillowbrookTestTests.xctest */ = {isa = PBXFileReference; explicitFileType = wrapper.cfbundle; includeInIndex = 0; path = WillowbrookTestTests.xctest; sourceTree = BUILT_PRODUCTS_DIR; };
		2BB6A62A2DC5764400782E0E /* WillowbrookTestUITests.xctest */ = {isa = PBXFileReference; explicitFileType = wrapper.cfbundle; includeInIndex = 0; path = WillowbrookTestUITests.xctest; sourceTree = BUILT_PRODUCTS_DIR; };
/* End PBXFileReference section */

/* Begin PBXFileSystemSynchronizedRootGroup section */
		2BB6A6152DC5764300782E0E /* WillowbrookTest */ = {
			isa = PBXFileSystemSynchronizedRootGroup;
			path = WillowbrookTest;
			sourceTree = "<group>";
		};
		2BB6A6232DC5764400782E0E /* WillowbrookTestTests */ = {
			isa = PBXFileSystemSynchronizedRootGroup;
			path = WillowbrookTestTests;
			sourceTree = "<group>";
		};
		2BB6A62D2DC5764400782E0E /* WillowbrookTestUITests */ = {
			isa = PBXFileSystemSynchronizedRootGroup;
			path = WillowbrookTestUITests;
			sourceTree = "<group>";
		};
/* End PBXFileSystemSynchronizedRootGroup section */

/* Begin PBXFrameworksBuildPhase section */
		2BB6A6102DC5764300782E0E /* Frameworks */ = {
			isa = PBXFrameworksBuildPhase;
			buildActionMask = 2147483647;
			files = (
			);
			runOnlyForDeploymentPostprocessing = 0;
		};
		2BB6A61D2DC5764400782E0E /* Frameworks */ = {
			isa = PBXFrameworksBuildPhase;
			buildActionMask = 2147483647;
			files = (
			);
			runOnlyForDeploymentPostprocessing = 0;
		};
		2BB6A6272DC5764400782E0E /* Frameworks */ = {
			isa = PBXFrameworksBuildPhase;
			buildActionMask = 2147483647;
			files = (
			);
			runOnlyForDeploymentPostprocessing = 0;
		};
/* End PBXFrameworksBuildPhase section */

/* Begin PBXGroup section */
		2BB6A60A2DC5764300782E0E = {
			isa = PBXGroup;
			children = (
				2BB6A6152DC5764300782E0E /* WillowbrookTest */,
				2BB6A6232DC5764400782E0E /* WillowbrookTestTests */,
				2BB6A62D2DC5764400782E0E /* WillowbrookTestUITests */,
				2BB6A6142DC5764300782E0E /* Products */,
			);
			sourceTree = "<group>";
		};
		2BB6A6142DC5764300782E0E /* Products */ = {
			isa = PBXGroup;
			children = (
				2BB6A6132DC5764300782E0E /* WillowbrookTest.app */,
				2BB6A6202DC5764400782E0E /* WillowbrookTestTests.xctest */,
				2BB6A62A2DC5764400782E0E /* WillowbrookTestUITests.xctest */,
			);
			name = Products;
			sourceTree = "<group>";
		};
/* End PBXGroup section */

/* Begin PBXNativeTarget section */
		2BB6A6122DC5764300782E0E /* WillowbrookTest */ = {
			isa = PBXNativeTarget;
			buildConfigurationList = 2BB6A6342DC5764400782E0E /* Build configuration list for PBXNativeTarget "WillowbrookTest" */;
			buildPhases = (
				2BB6A60F2DC5764300782E0E /* Sources */,
				2BB6A6102DC5764300782E0E /* Frameworks */,
				2BB6A6112DC5764300782E0E /* Resources */,
			);
			buildRules = (
			);
			dependencies = (
			);
			fileSystemSynchronizedGroups = (
				2BB6A6152DC5764300782E0E /* WillowbrookTest */,
			);
			name = WillowbrookTest;
			packageProductDependencies = (
			);
			productName = WillowbrookTest;
			productReference = 2BB6A6132DC5764300782E0E /* WillowbrookTest.app */;
			productType = "com.apple.product-type.application";
		};
		2BB6A61F2DC5764400782E0E /* WillowbrookTestTests */ = {
			isa = PBXNativeTarget;
			buildConfigurationList = 2BB6A6372DC5764400782E0E /* Build configuration list for PBXNativeTarget "WillowbrookTestTests" */;
			buildPhases = (
				2BB6A61C2DC5764400782E0E /* Sources */,
				2BB6A61D2DC5764400782E0E /* Frameworks */,
				2BB6A61E2DC5764400782E0E /* Resources */,
			);
			buildRules = (
			);
			dependencies = (
				2BB6A6222DC5764400782E0E /* PBXTargetDependency */,
			);
			fileSystemSynchronizedGroups = (
				2BB6A6232DC5764400782E0E /* WillowbrookTestTests */,
			);
			name = WillowbrookTestTests;
			packageProductDependencies = (
			);
			productName = WillowbrookTestTests;
			productReference = 2BB6A6202DC5764400782E0E /* WillowbrookTestTests.xctest */;
			productType = "com.apple.product-type.bundle.unit-test";
		};
		2BB6A6292DC5764400782E0E /* WillowbrookTestUITests */ = {
			isa = PBXNativeTarget;
			buildConfigurationList = 2BB6A63A2DC5764400782E0E /* Build configuration list for PBXNativeTarget "WillowbrookTestUITests" */;
			buildPhases = (
				2BB6A6262DC5764400782E0E /* Sources */,
				2BB6A6272DC5764400782E0E /* Frameworks */,
				2BB6A6282DC5764400782E0E /* Resources */,
			);
			buildRules = (
			);
			dependencies = (
				2BB6A62C2DC5764400782E0E /* PBXTargetDependency */,
			);
			fileSystemSynchronizedGroups = (
				2BB6A62D2DC5764400782E0E /* WillowbrookTestUITests */,
			);
			name = WillowbrookTestUITests;
			packageProductDependencies = (
			);
			productName = WillowbrookTestUITests;
			productReference = 2BB6A62A2DC5764400782E0E /* WillowbrookTestUITests.xctest */;
			productType = "com.apple.product-type.bundle.ui-testing";
		};
/* End PBXNativeTarget section */

/* Begin PBXProject section */
		2BB6A60B2DC5764300782E0E /* Project object */ = {
			isa = PBXProject;
			attributes = {
				BuildIndependentTargetsInParallel = 1;
				LastSwiftUpdateCheck = 1630;
				LastUpgradeCheck = 1630;
				TargetAttributes = {
					2BB6A6122DC5764300782E0E = {
						CreatedOnToolsVersion = 16.3;
					};
					2BB6A61F2DC5764400782E0E = {
						CreatedOnToolsVersion = 16.3;
						TestTargetID = 2BB6A6122DC5764300782E0E;
					};
					2BB6A6292DC5764400782E0E = {
						CreatedOnToolsVersion = 16.3;
						TestTargetID = 2BB6A6122DC5764300782E0E;
					};
				};
			};
			buildConfigurationList = 2BB6A60E2DC5764300782E0E /* Build configuration list for PBXProject "WillowbrookTest" */;
			developmentRegion = en;
			hasScannedForEncodings = 0;
			knownRegions = (
				en,
				Base,
			);
			mainGroup = 2BB6A60A2DC5764300782E0E;
			minimizedProjectReferenceProxies = 1;
			preferredProjectObjectVersion = 77;
			productRefGroup = 2BB6A6142DC5764300782E0E /* Products */;
			projectDirPath = "";
			projectRoot = "";
			targets = (
				2BB6A6122DC5764300782E0E /* WillowbrookTest */,
				2BB6A61F2DC5764400782E0E /* WillowbrookTestTests */,
				2BB6A6292DC5764400782E0E /* WillowbrookTestUITests */,
			);
		};
/* End PBXProject section */

/* Begin PBXResourcesBuildPhase section */
		2BB6A6112DC5764300782E0E /* Resources */ = {
			isa = PBXResourcesBuildPhase;
			buildActionMask = 2147483647;
			files = (
			);
			runOnlyForDeploymentPostprocessing = 0;
		};
		2BB6A61E2DC5764400782E0E /* Resources */ = {
			isa = PBXResourcesBuildPhase;
			buildActionMask = 2147483647;
			files = (
			);
			runOnlyForDeploymentPostprocessing = 0;
		};
		2BB6A6282DC5764400782E0E /* Resources */ = {
			isa = PBXResourcesBuildPhase;
			buildActionMask = 2147483647;
			files = (
			);
			runOnlyForDeploymentPostprocessing = 0;
		};
/* End PBXResourcesBuildPhase section */

/* Begin PBXSourcesBuildPhase section */
		2BB6A60F2DC5764300782E0E /* Sources */ = {
			isa = PBXSourcesBuildPhase;
			buildActionMask = 2147483647;
			files = (
			);
			runOnlyForDeploymentPostprocessing = 0;
		};
		2BB6A61C2DC5764400782E0E /* Sources */ = {
			isa = PBXSourcesBuildPhase;
			buildActionMask = 2147483647;
			files = (
			);
			runOnlyForDeploymentPostprocessing = 0;
		};
		2BB6A6262DC5764400782E0E /* Sources */ = {
			isa = PBXSourcesBuildPhase;
			buildActionMask = 2147483647;
			files = (
			);
			runOnlyForDeploymentPostprocessing = 0;
		};
/* End PBXSourcesBuildPhase section */

/* Begin PBXTargetDependency section */
		2BB6A6222DC5764400782E0E /* PBXTargetDependency */ = {
			isa = PBXTargetDependency;
			target = 2BB6A6122DC5764300782E0E /* WillowbrookTest */;
			targetProxy = 2BB6A6212DC5764400782E0E /* PBXContainerItemProxy */;
		};
		2BB6A62C2DC5764400782E0E /* PBXTargetDependency */ = {
			isa = PBXTargetDependency;
			target = 2BB6A6122DC5764300782E0E /* WillowbrookTest */;
			targetProxy = 2BB6A62B2DC5764400782E0E /* PBXContainerItemProxy */;
		};
/* End PBXTargetDependency section */

/* Begin XCBuildConfiguration section */
		2BB6A6322DC5764400782E0E /* Debug */ = {
			isa = XCBuildConfiguration;
			buildSettings = {
				ALWAYS_SEARCH_USER_PATHS = NO;
				ASSETCATALOG_COMPILER_GENERATE_SWIFT_ASSET_SYMBOL_EXTENSIONS = YES;
				CLANG_ANALYZER_NONNULL = YES;
				CLANG_ANALYZER_NUMBER_OBJECT_CONVERSION = YES_AGGRESSIVE;
				CLANG_CXX_LANGUAGE_STANDARD = "gnu++20";
				CLANG_ENABLE_MODULES = YES;
				CLANG_ENABLE_OBJC_ARC = YES;
				CLANG_ENABLE_OBJC_WEAK = YES;
				CLANG_WARN_BLOCK_CAPTURE_AUTORELEASING = YES;
				CLANG_WARN_BOOL_CONVERSION = YES;
				CLANG_WARN_COMMA = YES;
				CLANG_WARN_CONSTANT_CONVERSION = YES;
				CLANG_WARN_DEPRECATED_OBJC_IMPLEMENTATIONS = YES;
				CLANG_WARN_DIRECT_OBJC_ISA_USAGE = YES_ERROR;
				CLANG_WARN_DOCUMENTATION_COMMENTS = YES;
				CLANG_WARN_EMPTY_BODY = YES;
				CLANG_WARN_ENUM_CONVERSION = YES;
				CLANG_WARN_INFINITE_RECURSION = YES;
				CLANG_WARN_INT_CONVERSION = YES;
				CLANG_WARN_NON_LITERAL_NULL_CONVERSION = YES;
				CLANG_WARN_OBJC_IMPLICIT_RETAIN_SELF = YES;
				CLANG_WARN_OBJC_LITERAL_CONVERSION = YES;
				CLANG_WARN_OBJC_ROOT_CLASS = YES_ERROR;
				CLANG_WARN_QUOTED_INCLUDE_IN_FRAMEWORK_HEADER = YES;
				CLANG_WARN_RANGE_LOOP_ANALYSIS = YES;
				CLANG_WARN_STRICT_PROTOTYPES = YES;
				CLANG_WARN_SUSPICIOUS_MOVE = YES;
				CLANG_WARN_UNGUARDED_AVAILABILITY = YES_AGGRESSIVE;
				CLANG_WARN_UNREACHABLE_CODE = YES;
				CLANG_WARN__DUPLICATE_METHOD_MATCH = YES;
				COPY_PHASE_STRIP = NO;
				DEBUG_INFORMATION_FORMAT = dwarf;
				DEVELOPMENT_TEAM = S755A5QVAG;
				ENABLE_STRICT_OBJC_MSGSEND = YES;
				ENABLE_TESTABILITY = YES;
				ENABLE_USER_SCRIPT_SANDBOXING = YES;
				GCC_C_LANGUAGE_STANDARD = gnu17;
				GCC_DYNAMIC_NO_PIC = NO;
				GCC_NO_COMMON_BLOCKS = YES;
				GCC_OPTIMIZATION_LEVEL = 0;
				GCC_PREPROCESSOR_DEFINITIONS = (
					"DEBUG=1",
					"$(inherited)",
				);
				GCC_WARN_64_TO_32_BIT_CONVERSION = YES;
				GCC_WARN_ABOUT_RETURN_TYPE = YES_ERROR;
				GCC_WARN_UNDECLARED_SELECTOR = YES;
				GCC_WARN_UNINITIALIZED_AUTOS = YES_AGGRESSIVE;
				GCC_WARN_UNUSED_FUNCTION = YES;
				GCC_WARN_UNUSED_VARIABLE = YES;
				IPHONEOS_DEPLOYMENT_TARGET = 18.4;
				LOCALIZATION_PREFERS_STRING_CATALOGS = YES;
				MTL_ENABLE_DEBUG_INFO = INCLUDE_SOURCE;
				MTL_FAST_MATH = YES;
				ONLY_ACTIVE_ARCH = YES;
				SDKROOT = iphoneos;
				SWIFT_ACTIVE_COMPILATION_CONDITIONS = "DEBUG $(inherited)";
				SWIFT_OPTIMIZATION_LEVEL = "-Onone";
			};
			name = Debug;
		};
		2BB6A6332DC5764400782E0E /* Release */ = {
			isa = XCBuildConfiguration;
			buildSettings = {
				ALWAYS_SEARCH_USER_PATHS = NO;
				ASSETCATALOG_COMPILER_GENERATE_SWIFT_ASSET_SYMBOL_EXTENSIONS = YES;
				CLANG_ANALYZER_NONNULL = YES;
				CLANG_ANALYZER_NUMBER_OBJECT_CONVERSION = YES_AGGRESSIVE;
				CLANG_CXX_LANGUAGE_STANDARD = "gnu++20";
				CLANG_ENABLE_MODULES = YES;
				CLANG_ENABLE_OBJC_ARC = YES;
				CLANG_ENABLE_OBJC_WEAK = YES;
				CLANG_WARN_BLOCK_CAPTURE_AUTORELEASING = YES;
				CLANG_WARN_BOOL_CONVERSION = YES;
				CLANG_WARN_COMMA = YES;
				CLANG_WARN_CONSTANT_CONVERSION = YES;
				CLANG_WARN_DEPRECATED_OBJC_IMPLEMENTATIONS = YES;
				CLANG_WARN_DIRECT_OBJC_ISA_USAGE = YES_ERROR;
				CLANG_WARN_DOCUMENTATION_COMMENTS = YES;
				CLANG_WARN_EMPTY_BODY = YES;
				CLANG_WARN_ENUM_CONVERSION = YES;
				CLANG_WARN_INFINITE_RECURSION = YES;
				CLANG_WARN_INT_CONVERSION = YES;
				CLANG_WARN_NON_LITERAL_NULL_CONVERSION = YES;
				CLANG_WARN_OBJC_IMPLICIT_RETAIN_SELF = YES;
				CLANG_WARN_OBJC_LITERAL_CONVERSION = YES;
				CLANG_WARN_OBJC_ROOT_CLASS = YES_ERROR;
				CLANG_WARN_QUOTED_INCLUDE_IN_FRAMEWORK_HEADER = YES;
				CLANG_WARN_RANGE_LOOP_ANALYSIS = YES;
				CLANG_WARN_STRICT_PROTOTYPES = YES;
				CLANG_WARN_SUSPICIOUS_MOVE = YES;
				CLANG_WARN_UNGUARDED_AVAILABILITY = YES_AGGRESSIVE;
				CLANG_WARN_UNREACHABLE_CODE = YES;
				CLANG_WARN__DUPLICATE_METHOD_MATCH = YES;
				COPY_PHASE_STRIP = NO;
				DEBUG_INFORMATION_FORMAT = "dwarf-with-dsym";
				DEVELOPMENT_TEAM = S755A5QVAG;
				ENABLE_NS_ASSERTIONS = NO;
				ENABLE_STRICT_OBJC_MSGSEND = YES;
				ENABLE_USER_SCRIPT_SANDBOXING = YES;
				GCC_C_LANGUAGE_STANDARD = gnu17;
				GCC_NO_COMMON_BLOCKS = YES;
				GCC_WARN_64_TO_32_BIT_CONVERSION = YES;
				GCC_WARN_ABOUT_RETURN_TYPE = YES_ERROR;
				GCC_WARN_UNDECLARED_SELECTOR = YES;
				GCC_WARN_UNINITIALIZED_AUTOS = YES_AGGRESSIVE;
				GCC_WARN_UNUSED_FUNCTION = YES;
				GCC_WARN_UNUSED_VARIABLE = YES;
				IPHONEOS_DEPLOYMENT_TARGET = 18.4;
				LOCALIZATION_PREFERS_STRING_CATALOGS = YES;
				MTL_ENABLE_DEBUG_INFO = NO;
				MTL_FAST_MATH = YES;
				SDKROOT = iphoneos;
				SWIFT_COMPILATION_MODE = wholemodule;
				VALIDATE_PRODUCT = YES;
			};
			name = Release;
		};
		2BB6A6352DC5764400782E0E /* Debug */ = {
			isa = XCBuildConfiguration;
			buildSettings = {
				ASSETCATALOG_COMPILER_APPICON_NAME = AppIcon;
				ASSETCATALOG_COMPILER_GLOBAL_ACCENT_COLOR_NAME = AccentColor;
				CODE_SIGN_STYLE = Automatic;
				CURRENT_PROJECT_VERSION = 1;
				DEVELOPMENT_TEAM = S755A5QVAG;
				ENABLE_PREVIEWS = YES;
				GENERATE_INFOPLIST_FILE = YES;
				INFOPLIST_KEY_UIApplicationSceneManifest_Generation = YES;
				INFOPLIST_KEY_UIApplicationSupportsIndirectInputEvents = YES;
				INFOPLIST_KEY_UILaunchScreen_Generation = YES;
				INFOPLIST_KEY_UISupportedInterfaceOrientations_iPad = "UIInterfaceOrientationPortrait UIInterfaceOrientationPortraitUpsideDown UIInterfaceOrientationLandscapeLeft UIInterfaceOrientationLandscapeRight";
				INFOPLIST_KEY_UISupportedInterfaceOrientations_iPhone = "UIInterfaceOrientationPortrait UIInterfaceOrientationLandscapeLeft UIInterfaceOrientationLandscapeRight";
				LD_RUNPATH_SEARCH_PATHS = (
					"$(inherited)",
					"@executable_path/Frameworks",
				);
				MARKETING_VERSION = 1.0;
				PRODUCT_BUNDLE_IDENTIFIER = WordSmatter.WillowbrookTest;
				PRODUCT_NAME = "$(TARGET_NAME)";
				SWIFT_EMIT_LOC_STRINGS = YES;
				SWIFT_VERSION = 5.0;
				TARGETED_DEVICE_FAMILY = "1,2";
			};
			name = Debug;
		};
		2BB6A6362DC5764400782E0E /* Release */ = {
			isa = XCBuildConfiguration;
			buildSettings = {
				ASSETCATALOG_COMPILER_APPICON_NAME = AppIcon;
				ASSETCATALOG_COMPILER_GLOBAL_ACCENT_COLOR_NAME = AccentColor;
				CODE_SIGN_STYLE = Automatic;
				CURRENT_PROJECT_VERSION = 1;
				DEVELOPMENT_TEAM = S755A5QVAG;
				ENABLE_PREVIEWS = YES;
				GENERATE_INFOPLIST_FILE = YES;
				INFOPLIST_KEY_UIApplicationSceneManifest_Generation = YES;
				INFOPLIST_KEY_UIApplicationSupportsIndirectInputEvents = YES;
				INFOPLIST_KEY_UILaunchScreen_Generation = YES;
				INFOPLIST_KEY_UISupportedInterfaceOrientations_iPad = "UIInterfaceOrientationPortrait UIInterfaceOrientationPortraitUpsideDown UIInterfaceOrientationLandscapeLeft UIInterfaceOrientationLandscapeRight";
				INFOPLIST_KEY_UISupportedInterfaceOrientations_iPhone = "UIInterfaceOrientationPortrait UIInterfaceOrientationLandscapeLeft UIInterfaceOrientationLandscapeRight";
				LD_RUNPATH_SEARCH_PATHS = (
					"$(inherited)",
					"@executable_path/Frameworks",
				);
				MARKETING_VERSION = 1.0;
				PRODUCT_BUNDLE_IDENTIFIER = WordSmatter.WillowbrookTest;
				PRODUCT_NAME = "$(TARGET_NAME)";
				SWIFT_EMIT_LOC_STRINGS = YES;
				SWIFT_VERSION = 5.0;
				TARGETED_DEVICE_FAMILY = "1,2";
			};
			name = Release;
		};
		2BB6A6382DC5764400782E0E /* Debug */ = {
			isa = XCBuildConfiguration;
			buildSettings = {
				BUNDLE_LOADER = "$(TEST_HOST)";
				CODE_SIGN_STYLE = Automatic;
				CURRENT_PROJECT_VERSION = 1;
				DEVELOPMENT_TEAM = S755A5QVAG;
				GENERATE_INFOPLIST_FILE = YES;
				IPHONEOS_DEPLOYMENT_TARGET = 18.4;
				MARKETING_VERSION = 1.0;
				PRODUCT_BUNDLE_IDENTIFIER = WordSmatter.WillowbrookTestTests;
				PRODUCT_NAME = "$(TARGET_NAME)";
				SWIFT_EMIT_LOC_STRINGS = NO;
				SWIFT_VERSION = 5.0;
				TARGETED_DEVICE_FAMILY = "1,2";
				TEST_HOST = "$(BUILT_PRODUCTS_DIR)/WillowbrookTest.app/$(BUNDLE_EXECUTABLE_FOLDER_PATH)/WillowbrookTest";
			};
			name = Debug;
		};
		2BB6A6392DC5764400782E0E /* Release */ = {
			isa = XCBuildConfiguration;
			buildSettings = {
				BUNDLE_LOADER = "$(TEST_HOST)";
				CODE_SIGN_STYLE = Automatic;
				CURRENT_PROJECT_VERSION = 1;
				DEVELOPMENT_TEAM = S755A5QVAG;
				GENERATE_INFOPLIST_FILE = YES;
				IPHONEOS_DEPLOYMENT_TARGET = 18.4;
				MARKETING_VERSION = 1.0;
				PRODUCT_BUNDLE_IDENTIFIER = WordSmatter.WillowbrookTestTests;
				PRODUCT_NAME = "$(TARGET_NAME)";
				SWIFT_EMIT_LOC_STRINGS = NO;
				SWIFT_VERSION = 5.0;
				TARGETED_DEVICE_FAMILY = "1,2";
				TEST_HOST = "$(BUILT_PRODUCTS_DIR)/WillowbrookTest.app/$(BUNDLE_EXECUTABLE_FOLDER_PATH)/WillowbrookTest";
			};
			name = Release;
		};
		2BB6A63B2DC5764400782E0E /* Debug */ = {
			isa = XCBuildConfiguration;
			buildSettings = {
				CODE_SIGN_STYLE = Automatic;
				CURRENT_PROJECT_VERSION = 1;
				DEVELOPMENT_TEAM = S755A5QVAG;
				GENERATE_INFOPLIST_FILE = YES;
				MARKETING_VERSION = 1.0;
				PRODUCT_BUNDLE_IDENTIFIER = WordSmatter.WillowbrookTestUITests;
				PRODUCT_NAME = "$(TARGET_NAME)";
				SWIFT_EMIT_LOC_STRINGS = NO;
				SWIFT_VERSION = 5.0;
				TARGETED_DEVICE_FAMILY = "1,2";
				TEST_TARGET_NAME = WillowbrookTest;
			};
			name = Debug;
		};
		2BB6A63C2DC5764400782E0E /* Release */ = {
			isa = XCBuildConfiguration;
			buildSettings = {
				CODE_SIGN_STYLE = Automatic;
				CURRENT_PROJECT_VERSION = 1;
				DEVELOPMENT_TEAM = S755A5QVAG;
				GENERATE_INFOPLIST_FILE = YES;
				MARKETING_VERSION = 1.0;
				PRODUCT_BUNDLE_IDENTIFIER = WordSmatter.WillowbrookTestUITests;
				PRODUCT_NAME = "$(TARGET_NAME)";
				SWIFT_EMIT_LOC_STRINGS = NO;
				SWIFT_VERSION = 5.0;
				TARGETED_DEVICE_FAMILY = "1,2";
				TEST_TARGET_NAME = WillowbrookTest;
			};
			name = Release;
		};
/* End XCBuildConfiguration section */

/* Begin XCConfigurationList section */
		2BB6A60E2DC5764300782E0E /* Build configuration list for PBXProject "WillowbrookTest" */ = {
			isa = XCConfigurationList;
			buildConfigurations = (
				2BB6A6322DC5764400782E0E /* Debug */,
				2BB6A6332DC5764400782E0E /* Release */,
			);
			defaultConfigurationIsVisible = 0;
			defaultConfigurationName = Release;
		};
		2BB6A6342DC5764400782E0E /* Build configuration list for PBXNativeTarget "WillowbrookTest" */ = {
			isa = XCConfigurationList;
			buildConfigurations = (
				2BB6A6352DC5764400782E0E /* Debug */,
				2BB6A6362DC5764400782E0E /* Release */,
			);
			defaultConfigurationIsVisible = 0;
			defaultConfigurationName = Release;
		};
		2BB6A6372DC5764400782E0E /* Build configuration list for PBXNativeTarget "WillowbrookTestTests" */ = {
			isa = XCConfigurationList;
			buildConfigurations = (
				2BB6A6382DC5764400782E0E /* Debug */,
				2BB6A6392DC5764400782E0E /* Release */,
			);
			defaultConfigurationIsVisible = 0;
			defaultConfigurationName = Release;
		};
		2BB6A63A2DC5764400782E0E /* Build configuration list for PBXNativeTarget "WillowbrookTestUITests" */ = {
			isa = XCConfigurationList;
			buildConfigurations = (
				2BB6A63B2DC5764400782E0E /* Debug */,
				2BB6A63C2DC5764400782E0E /* Release */,
			);
			defaultConfigurationIsVisible = 0;
			defaultConfigurationName = Release;
		};
/* End XCConfigurationList section */
	};
	rootObject = 2BB6A60B2DC5764300782E0E /* Project object */;
}
